// !$*UTF8*$!
{
	archiveVersion = 1;
	classes = {
	};
	objectVersion = 77;
	objects = {

/* Begin PBXBuildFile section */
		F14E82FB2E74B4F900F43774 /* Kingfisher in Frameworks */ = {isa = PBXBuildFile; productRef = F14E82FA2E74B4F900F43774 /* Kingfisher */; };
/* End PBXBuildFile section */

/* Begin PBXContainerItemProxy section */
		F12ACF872E71B6ED006EA2AB /* PBXContainerItemProxy */ = {
			isa = PBXContainerItemProxy;
			containerPortal = F12ACF712E71B6EC006EA2AB /* Project object */;
			proxyType = 1;
			remoteGlobalIDString = F12ACF782E71B6EC006EA2AB;
			remoteInfo = MovieVerse;
		};
		F12ACF912E71B6ED006EA2AB /* PBXContainerItemProxy */ = {
			isa = PBXContainerItemProxy;
			containerPortal = F12ACF712E71B6EC006EA2AB /* Project object */;
			proxyType = 1;
			remoteGlobalIDString = F12ACF782E71B6EC006EA2AB;
			remoteInfo = MovieVerse;
		};
/* End PBXContainerItemProxy section */

/* Begin PBXFileReference section */
		F12ACF792E71B6EC006EA2AB /* MovieVerse.app */ = {isa = PBXFileReference; explicitFileType = wrapper.application; includeInIndex = 0; path = MovieVerse.app; sourceTree = BUILT_PRODUCTS_DIR; };
		F12ACF862E71B6ED006EA2AB /* MovieVerseTests.xctest */ = {isa = PBXFileReference; explicitFileType = wrapper.cfbundle; includeInIndex = 0; path = MovieVerseTests.xctest; sourceTree = BUILT_PRODUCTS_DIR; };
		F12ACF902E71B6ED006EA2AB /* MovieVerseUITests.xctest */ = {isa = PBXFileReference; explicitFileType = wrapper.cfbundle; includeInIndex = 0; path = MovieVerseUITests.xctest; sourceTree = BUILT_PRODUCTS_DIR; };
/* End PBXFileReference section */

/* Begin PBXFileSystemSynchronizedBuildFileExceptionSet section */
		F1F120742E72C61900BFCD34 /* Exceptions for "MovieVerse" folder in "MovieVerse" target */ = {
			isa = PBXFileSystemSynchronizedBuildFileExceptionSet;
			membershipExceptions = (
				Info.plist,
			);
			target = F12ACF782E71B6EC006EA2AB /* MovieVerse */;
		};
/* End PBXFileSystemSynchronizedBuildFileExceptionSet section */

/* Begin PBXFileSystemSynchronizedRootGroup section */
		F12ACF7B2E71B6EC006EA2AB /* MovieVerse */ = {
			isa = PBXFileSystemSynchronizedRootGroup;
			exceptions = (
				F1F120742E72C61900BFCD34 /* Exceptions for "MovieVerse" folder in "MovieVerse" target */,
			);
			path = MovieVerse;
			sourceTree = "<group>";
		};
		F12ACF892E71B6ED006EA2AB /* MovieVerseTests */ = {
			isa = PBXFileSystemSynchronizedRootGroup;
			path = MovieVerseTests;
			sourceTree = "<group>";
		};
		F12ACF932E71B6ED006EA2AB /* MovieVerseUITests */ = {
			isa = PBXFileSystemSynchronizedRootGroup;
			path = MovieVerseUITests;
			sourceTree = "<group>";
		};
/* End PBXFileSystemSynchronizedRootGroup section */

/* Begin PBXFrameworksBuildPhase section */
		F12ACF762E71B6EC006EA2AB /* Frameworks */ = {
			isa = PBXFrameworksBuildPhase;
			buildActionMask = 2147483647;
			files = (
				F14E82FB2E74B4F900F43774 /* Kingfisher in Frameworks */,
			);
			runOnlyForDeploymentPostprocessing = 0;
		};
		F12ACF832E71B6ED006EA2AB /* Frameworks */ = {
			isa = PBXFrameworksBuildPhase;
			buildActionMask = 2147483647;
			files = (
			);
			runOnlyForDeploymentPostprocessing = 0;
		};
		F12ACF8D2E71B6ED006EA2AB /* Frameworks */ = {
			isa = PBXFrameworksBuildPhase;
			buildActionMask = 2147483647;
			files = (
			);
			runOnlyForDeploymentPostprocessing = 0;
		};
/* End PBXFrameworksBuildPhase section */

/* Begin PBXGroup section */
		F12ACF702E71B6EC006EA2AB = {
			isa = PBXGroup;
			children = (
				F12ACF7B2E71B6EC006EA2AB /* MovieVerse */,
				F12ACF892E71B6ED006EA2AB /* MovieVerseTests */,
				F12ACF932E71B6ED006EA2AB /* MovieVerseUITests */,
				F12ACF7A2E71B6EC006EA2AB /* Products */,
			);
			sourceTree = "<group>";
		};
		F12ACF7A2E71B6EC006EA2AB /* Products */ = {
			isa = PBXGroup;
			children = (
				F12ACF792E71B6EC006EA2AB /* MovieVerse.app */,
				F12ACF862E71B6ED006EA2AB /* MovieVerseTests.xctest */,
				F12ACF902E71B6ED006EA2AB /* MovieVerseUITests.xctest */,
			);
			name = Products;
			sourceTree = "<group>";
		};
/* End PBXGroup section */

/* Begin PBXNativeTarget section */
		F12ACF782E71B6EC006EA2AB /* MovieVerse */ = {
			isa = PBXNativeTarget;
			buildConfigurationList = F12ACF9A2E71B6ED006EA2AB /* Build configuration list for PBXNativeTarget "MovieVerse" */;
			buildPhases = (
				F12ACF752E71B6EC006EA2AB /* Sources */,
				F12ACF762E71B6EC006EA2AB /* Frameworks */,
				F12ACF772E71B6EC006EA2AB /* Resources */,
			);
			buildRules = (
			);
			dependencies = (
			);
			fileSystemSynchronizedGroups = (
				F12ACF7B2E71B6EC006EA2AB /* MovieVerse */,
			);
			name = MovieVerse;
			packageProductDependencies = (
				F14E82FA2E74B4F900F43774 /* Kingfisher */,
			);
			productName = MovieVerse;
			productReference = F12ACF792E71B6EC006EA2AB /* MovieVerse.app */;
			productType = "com.apple.product-type.application";
		};
		F12ACF852E71B6ED006EA2AB /* MovieVerseTests */ = {
			isa = PBXNativeTarget;
			buildConfigurationList = F12ACF9D2E71B6ED006EA2AB /* Build configuration list for PBXNativeTarget "MovieVerseTests" */;
			buildPhases = (
				F12ACF822E71B6ED006EA2AB /* Sources */,
				F12ACF832E71B6ED006EA2AB /* Frameworks */,
				F12ACF842E71B6ED006EA2AB /* Resources */,
			);
			buildRules = (
			);
			dependencies = (
				F12ACF882E71B6ED006EA2AB /* PBXTargetDependency */,
			);
			fileSystemSynchronizedGroups = (
				F12ACF892E71B6ED006EA2AB /* MovieVerseTests */,
			);
			name = MovieVerseTests;
			packageProductDependencies = (
			);
			productName = MovieVerseTests;
			productReference = F12ACF862E71B6ED006EA2AB /* MovieVerseTests.xctest */;
			productType = "com.apple.product-type.bundle.unit-test";
		};
		F12ACF8F2E71B6ED006EA2AB /* MovieVerseUITests */ = {
			isa = PBXNativeTarget;
			buildConfigurationList = F12ACFA02E71B6ED006EA2AB /* Build configuration list for PBXNativeTarget "MovieVerseUITests" */;
			buildPhases = (
				F12ACF8C2E71B6ED006EA2AB /* Sources */,
				F12ACF8D2E71B6ED006EA2AB /* Frameworks */,
				F12ACF8E2E71B6ED006EA2AB /* Resources */,
			);
			buildRules = (
			);
			dependencies = (
				F12ACF922E71B6ED006EA2AB /* PBXTargetDependency */,
			);
			fileSystemSynchronizedGroups = (
				F12ACF932E71B6ED006EA2AB /* MovieVerseUITests */,
			);
			name = MovieVerseUITests;
			packageProductDependencies = (
			);
			productName = MovieVerseUITests;
			productReference = F12ACF902E71B6ED006EA2AB /* MovieVerseUITests.xctest */;
			productType = "com.apple.product-type.bundle.ui-testing";
		};
/* End PBXNativeTarget section */

/* Begin PBXProject section */
		F12ACF712E71B6EC006EA2AB /* Project object */ = {
			isa = PBXProject;
			attributes = {
				BuildIndependentTargetsInParallel = 1;
				LastSwiftUpdateCheck = 1640;
				LastUpgradeCheck = 1640;
				TargetAttributes = {
					F12ACF782E71B6EC006EA2AB = {
						CreatedOnToolsVersion = 16.4;
					};
					F12ACF852E71B6ED006EA2AB = {
						CreatedOnToolsVersion = 16.4;
						TestTargetID = F12ACF782E71B6EC006EA2AB;
					};
					F12ACF8F2E71B6ED006EA2AB = {
						CreatedOnToolsVersion = 16.4;
						TestTargetID = F12ACF782E71B6EC006EA2AB;
					};
				};
			};
			buildConfigurationList = F12ACF742E71B6EC006EA2AB /* Build configuration list for PBXProject "MovieVerse" */;
			developmentRegion = en;
			hasScannedForEncodings = 0;
			knownRegions = (
				en,
				Base,
			);
			mainGroup = F12ACF702E71B6EC006EA2AB;
			minimizedProjectReferenceProxies = 1;
			packageReferences = (
				F14E82F92E74B4F900F43774 /* XCRemoteSwiftPackageReference "Kingfisher" */,
			);
			preferredProjectObjectVersion = 77;
			productRefGroup = F12ACF7A2E71B6EC006EA2AB /* Products */;
			projectDirPath = "";
			projectRoot = "";
			targets = (
				F12ACF782E71B6EC006EA2AB /* MovieVerse */,
				F12ACF852E71B6ED006EA2AB /* MovieVerseTests */,
				F12ACF8F2E71B6ED006EA2AB /* MovieVerseUITests */,
			);
		};
/* End PBXProject section */

/* Begin PBXResourcesBuildPhase section */
		F12ACF772E71B6EC006EA2AB /* Resources */ = {
			isa = PBXResourcesBuildPhase;
			buildActionMask = 2147483647;
			files = (
			);
			runOnlyForDeploymentPostprocessing = 0;
		};
		F12ACF842E71B6ED006EA2AB /* Resources */ = {
			isa = PBXResourcesBuildPhase;
			buildActionMask = 2147483647;
			files = (
			);
			runOnlyForDeploymentPostprocessing = 0;
		};
		F12ACF8E2E71B6ED006EA2AB /* Resources */ = {
			isa = PBXResourcesBuildPhase;
			buildActionMask = 2147483647;
			files = (
			);
			runOnlyForDeploymentPostprocessing = 0;
		};
/* End PBXResourcesBuildPhase section */

/* Begin PBXSourcesBuildPhase section */
		F12ACF752E71B6EC006EA2AB /* Sources */ = {
			isa = PBXSourcesBuildPhase;
			buildActionMask = 2147483647;
			files = (
			);
			runOnlyForDeploymentPostprocessing = 0;
		};
		F12ACF822E71B6ED006EA2AB /* Sources */ = {
			isa = PBXSourcesBuildPhase;
			buildActionMask = 2147483647;
			files = (
			);
			runOnlyForDeploymentPostprocessing = 0;
		};
		F12ACF8C2E71B6ED006EA2AB /* Sources */ = {
			isa = PBXSourcesBuildPhase;
			buildActionMask = 2147483647;
			files = (
			);
			runOnlyForDeploymentPostprocessing = 0;
		};
/* End PBXSourcesBuildPhase section */

/* Begin PBXTargetDependency section */
		F12ACF882E71B6ED006EA2AB /* PBXTargetDependency */ = {
			isa = PBXTargetDependency;
			target = F12ACF782E71B6EC006EA2AB /* MovieVerse */;
			targetProxy = F12ACF872E71B6ED006EA2AB /* PBXContainerItemProxy */;
		};
		F12ACF922E71B6ED006EA2AB /* PBXTargetDependency */ = {
			isa = PBXTargetDependency;
			target = F12ACF782E71B6EC006EA2AB /* MovieVerse */;
			targetProxy = F12ACF912E71B6ED006EA2AB /* PBXContainerItemProxy */;
		};
/* End PBXTargetDependency section */

/* Begin XCBuildConfiguration section */
		F12ACF982E71B6ED006EA2AB /* Debug */ = {
			isa = XCBuildConfiguration;
			buildSettings = {
				ALWAYS_SEARCH_USER_PATHS = NO;
				ASSETCATALOG_COMPILER_GENERATE_SWIFT_ASSET_SYMBOL_EXTENSIONS = YES;
				CLANG_ANALYZER_NONNULL = YES;
				CLANG_ANALYZER_NUMBER_OBJECT_CONVERSION = YES_AGGRESSIVE;
				CLANG_CXX_LANGUAGE_STANDARD = "gnu++20";
				CLANG_ENABLE_MODULES = YES;
				CLANG_ENABLE_OBJC_ARC = YES;
				CLANG_ENABLE_OBJC_WEAK = YES;
				CLANG_WARN_BLOCK_CAPTURE_AUTORELEASING = YES;
				CLANG_WARN_BOOL_CONVERSION = YES;
				CLANG_WARN_COMMA = YES;
				CLANG_WARN_CONSTANT_CONVERSION = YES;
				CLANG_WARN_DEPRECATED_OBJC_IMPLEMENTATIONS = YES;
				CLANG_WARN_DIRECT_OBJC_ISA_USAGE = YES_ERROR;
				CLANG_WARN_DOCUMENTATION_COMMENTS = YES;
				CLANG_WARN_EMPTY_BODY = YES;
				CLANG_WARN_ENUM_CONVERSION = YES;
				CLANG_WARN_INFINITE_RECURSION = YES;
				CLANG_WARN_INT_CONVERSION = YES;
				CLANG_WARN_NON_LITERAL_NULL_CONVERSION = YES;
				CLANG_WARN_OBJC_IMPLICIT_RETAIN_SELF = YES;
				CLANG_WARN_OBJC_LITERAL_CONVERSION = YES;
				CLANG_WARN_OBJC_ROOT_CLASS = YES_ERROR;
				CLANG_WARN_QUOTED_INCLUDE_IN_FRAMEWORK_HEADER = YES;
				CLANG_WARN_RANGE_LOOP_ANALYSIS = YES;
				CLANG_WARN_STRICT_PROTOTYPES = YES;
				CLANG_WARN_SUSPICIOUS_MOVE = YES;
				CLANG_WARN_UNGUARDED_AVAILABILITY = YES_AGGRESSIVE;
				CLANG_WARN_UNREACHABLE_CODE = YES;
				CLANG_WARN__DUPLICATE_METHOD_MATCH = YES;
				COPY_PHASE_STRIP = NO;
				DEBUG_INFORMATION_FORMAT = dwarf;
				DEVELOPMENT_TEAM = 77WTAX2LD5;
				ENABLE_STRICT_OBJC_MSGSEND = YES;
				ENABLE_TESTABILITY = YES;
				ENABLE_USER_SCRIPT_SANDBOXING = YES;
				GCC_C_LANGUAGE_STANDARD = gnu17;
				GCC_DYNAMIC_NO_PIC = NO;
				GCC_NO_COMMON_BLOCKS = YES;
				GCC_OPTIMIZATION_LEVEL = 0;
				GCC_PREPROCESSOR_DEFINITIONS = (
					"DEBUG=1",
					"$(inherited)",
				);
				GCC_WARN_64_TO_32_BIT_CONVERSION = YES;
				GCC_WARN_ABOUT_RETURN_TYPE = YES_ERROR;
				GCC_WARN_UNDECLARED_SELECTOR = YES;
				GCC_WARN_UNINITIALIZED_AUTOS = YES_AGGRESSIVE;
				GCC_WARN_UNUSED_FUNCTION = YES;
				GCC_WARN_UNUSED_VARIABLE = YES;
				IPHONEOS_DEPLOYMENT_TARGET = 18.5;
				LOCALIZATION_PREFERS_STRING_CATALOGS = YES;
				MTL_ENABLE_DEBUG_INFO = INCLUDE_SOURCE;
				MTL_FAST_MATH = YES;
				ONLY_ACTIVE_ARCH = YES;
				SDKROOT = iphoneos;
				SWIFT_ACTIVE_COMPILATION_CONDITIONS = "DEBUG $(inherited)";
				SWIFT_OPTIMIZATION_LEVEL = "-Onone";
			};
			name = Debug;
		};
		F12ACF992E71B6ED006EA2AB /* Release */ = {
			isa = XCBuildConfiguration;
			buildSettings = {
				ALWAYS_SEARCH_USER_PATHS = NO;
				ASSETCATALOG_COMPILER_GENERATE_SWIFT_ASSET_SYMBOL_EXTENSIONS = YES;
				CLANG_ANALYZER_NONNULL = YES;
				CLANG_ANALYZER_NUMBER_OBJECT_CONVERSION = YES_AGGRESSIVE;
				CLANG_CXX_LANGUAGE_STANDARD = "gnu++20";
				CLANG_ENABLE_MODULES = YES;
				CLANG_ENABLE_OBJC_ARC = YES;
				CLANG_ENABLE_OBJC_WEAK = YES;
				CLANG_WARN_BLOCK_CAPTURE_AUTORELEASING = YES;
				CLANG_WARN_BOOL_CONVERSION = YES;
				CLANG_WARN_COMMA = YES;
				CLANG_WARN_CONSTANT_CONVERSION = YES;
				CLANG_WARN_DEPRECATED_OBJC_IMPLEMENTATIONS = YES;
				CLANG_WARN_DIRECT_OBJC_ISA_USAGE = YES_ERROR;
				CLANG_WARN_DOCUMENTATION_COMMENTS = YES;
				CLANG_WARN_EMPTY_BODY = YES;
				CLANG_WARN_ENUM_CONVERSION = YES;
				CLANG_WARN_INFINITE_RECURSION = YES;
				CLANG_WARN_INT_CONVERSION = YES;
				CLANG_WARN_NON_LITERAL_NULL_CONVERSION = YES;
				CLANG_WARN_OBJC_IMPLICIT_RETAIN_SELF = YES;
				CLANG_WARN_OBJC_LITERAL_CONVERSION = YES;
				CLANG_WARN_OBJC_ROOT_CLASS = YES_ERROR;
				CLANG_WARN_QUOTED_INCLUDE_IN_FRAMEWORK_HEADER = YES;
				CLANG_WARN_RANGE_LOOP_ANALYSIS = YES;
				CLANG_WARN_STRICT_PROTOTYPES = YES;
				CLANG_WARN_SUSPICIOUS_MOVE = YES;
				CLANG_WARN_UNGUARDED_AVAILABILITY = YES_AGGRESSIVE;
				CLANG_WARN_UNREACHABLE_CODE = YES;
				CLANG_WARN__DUPLICATE_METHOD_MATCH = YES;
				COPY_PHASE_STRIP = NO;
				DEBUG_INFORMATION_FORMAT = "dwarf-with-dsym";
				DEVELOPMENT_TEAM = 77WTAX2LD5;
				ENABLE_NS_ASSERTIONS = NO;
				ENABLE_STRICT_OBJC_MSGSEND = YES;
				ENABLE_USER_SCRIPT_SANDBOXING = YES;
				GCC_C_LANGUAGE_STANDARD = gnu17;
				GCC_NO_COMMON_BLOCKS = YES;
				GCC_WARN_64_TO_32_BIT_CONVERSION = YES;
				GCC_WARN_ABOUT_RETURN_TYPE = YES_ERROR;
				GCC_WARN_UNDECLARED_SELECTOR = YES;
				GCC_WARN_UNINITIALIZED_AUTOS = YES_AGGRESSIVE;
				GCC_WARN_UNUSED_FUNCTION = YES;
				GCC_WARN_UNUSED_VARIABLE = YES;
				IPHONEOS_DEPLOYMENT_TARGET = 18.5;
				LOCALIZATION_PREFERS_STRING_CATALOGS = YES;
				MTL_ENABLE_DEBUG_INFO = NO;
				MTL_FAST_MATH = YES;
				SDKROOT = iphoneos;
				SWIFT_COMPILATION_MODE = wholemodule;
				VALIDATE_PRODUCT = YES;
			};
			name = Release;
		};
		F12ACF9B2E71B6ED006EA2AB /* Debug */ = {
			isa = XCBuildConfiguration;
			baseConfigurationReferenceAnchor = F12ACF7B2E71B6EC006EA2AB /* MovieVerse */;
			baseConfigurationReferenceRelativePath = Config.xcconfig;
			buildSettings = {
				ASSETCATALOG_COMPILER_APPICON_NAME = AppIcon;
				ASSETCATALOG_COMPILER_GLOBAL_ACCENT_COLOR_NAME = AccentColor;
				CODE_SIGN_STYLE = Automatic;
				CURRENT_PROJECT_VERSION = 1;
				DEVELOPMENT_TEAM = 77WTAX2LD5;
				ENABLE_PREVIEWS = YES;
				GENERATE_INFOPLIST_FILE = YES;
				INFOPLIST_FILE = MovieVerse/Info.plist;
				INFOPLIST_KEY_LSApplicationCategoryType = "";
				INFOPLIST_KEY_UIApplicationSceneManifest_Generation = YES;
				INFOPLIST_KEY_UIApplicationSupportsIndirectInputEvents = YES;
				INFOPLIST_KEY_UILaunchScreen_Generation = YES;
				INFOPLIST_KEY_UISupportedInterfaceOrientations_iPad = "UIInterfaceOrientationPortrait UIInterfaceOrientationPortraitUpsideDown UIInterfaceOrientationLandscapeLeft UIInterfaceOrientationLandscapeRight";
				INFOPLIST_KEY_UISupportedInterfaceOrientations_iPhone = "UIInterfaceOrientationPortrait UIInterfaceOrientationLandscapeLeft UIInterfaceOrientationLandscapeRight";
				IPHONEOS_DEPLOYMENT_TARGET = 16.6;
				LD_RUNPATH_SEARCH_PATHS = (
					"$(inherited)",
					"@executable_path/Frameworks",
				);
				MARKETING_VERSION = 1.0;
				PRODUCT_BUNDLE_IDENTIFIER = com.hari.MovieVerse;
				PRODUCT_NAME = "$(TARGET_NAME)";
				SWIFT_EMIT_LOC_STRINGS = YES;
				SWIFT_VERSION = 5.0;
				TARGETED_DEVICE_FAMILY = "1,2";
			};
			name = Debug;
		};
		F12ACF9C2E71B6ED006EA2AB /* Release */ = {
			isa = XCBuildConfiguration;
			baseConfigurationReferenceAnchor = F12ACF7B2E71B6EC006EA2AB /* MovieVerse */;
			baseConfigurationReferenceRelativePath = Config.xcconfig;
			buildSettings = {
				ASSETCATALOG_COMPILER_APPICON_NAME = AppIcon;
				ASSETCATALOG_COMPILER_GLOBAL_ACCENT_COLOR_NAME = AccentColor;
				CODE_SIGN_STYLE = Automatic;
				CURRENT_PROJECT_VERSION = 1;
				DEVELOPMENT_TEAM = 77WTAX2LD5;
				ENABLE_PREVIEWS = YES;
				GENERATE_INFOPLIST_FILE = YES;
				INFOPLIST_FILE = MovieVerse/Info.plist;
				INFOPLIST_KEY_LSApplicationCategoryType = "";
				INFOPLIST_KEY_UIApplicationSceneManifest_Generation = YES;
				INFOPLIST_KEY_UIApplicationSupportsIndirectInputEvents = YES;
				INFOPLIST_KEY_UILaunchScreen_Generation = YES;
				INFOPLIST_KEY_UISupportedInterfaceOrientations_iPad = "UIInterfaceOrientationPortrait UIInterfaceOrientationPortraitUpsideDown UIInterfaceOrientationLandscapeLeft UIInterfaceOrientationLandscapeRight";
				INFOPLIST_KEY_UISupportedInterfaceOrientations_iPhone = "UIInterfaceOrientationPortrait UIInterfaceOrientationLandscapeLeft UIInterfaceOrientationLandscapeRight";
				IPHONEOS_DEPLOYMENT_TARGET = 16.6;
				LD_RUNPATH_SEARCH_PATHS = (
					"$(inherited)",
					"@executable_path/Frameworks",
				);
				MARKETING_VERSION = 1.0;
				PRODUCT_BUNDLE_IDENTIFIER = com.hari.MovieVerse;
				PRODUCT_NAME = "$(TARGET_NAME)";
				SWIFT_EMIT_LOC_STRINGS = YES;
				SWIFT_VERSION = 5.0;
				TARGETED_DEVICE_FAMILY = "1,2";
			};
			name = Release;
		};
		F12ACF9E2E71B6ED006EA2AB /* Debug */ = {
			isa = XCBuildConfiguration;
			buildSettings = {
				BUNDLE_LOADER = "$(TEST_HOST)";
				CODE_SIGN_STYLE = Automatic;
				CURRENT_PROJECT_VERSION = 1;
				DEVELOPMENT_TEAM = 77WTAX2LD5;
				GENERATE_INFOPLIST_FILE = YES;
				IPHONEOS_DEPLOYMENT_TARGET = 18.5;
				MARKETING_VERSION = 1.0;
				PRODUCT_BUNDLE_IDENTIFIER = com.hari.MovieVerseTests;
				PRODUCT_NAME = "$(TARGET_NAME)";
				SWIFT_EMIT_LOC_STRINGS = NO;
				SWIFT_VERSION = 5.0;
				TARGETED_DEVICE_FAMILY = "1,2";
				TEST_HOST = "$(BUILT_PRODUCTS_DIR)/MovieVerse.app/$(BUNDLE_EXECUTABLE_FOLDER_PATH)/MovieVerse";
			};
			name = Debug;
		};
		F12ACF9F2E71B6ED006EA2AB /* Release */ = {
			isa = XCBuildConfiguration;
			buildSettings = {
				BUNDLE_LOADER = "$(TEST_HOST)";
				CODE_SIGN_STYLE = Automatic;
				CURRENT_PROJECT_VERSION = 1;
				DEVELOPMENT_TEAM = 77WTAX2LD5;
				GENERATE_INFOPLIST_FILE = YES;
				IPHONEOS_DEPLOYMENT_TARGET = 18.5;
				MARKETING_VERSION = 1.0;
				PRODUCT_BUNDLE_IDENTIFIER = com.hari.MovieVerseTests;
				PRODUCT_NAME = "$(TARGET_NAME)";
				SWIFT_EMIT_LOC_STRINGS = NO;
				SWIFT_VERSION = 5.0;
				TARGETED_DEVICE_FAMILY = "1,2";
				TEST_HOST = "$(BUILT_PRODUCTS_DIR)/MovieVerse.app/$(BUNDLE_EXECUTABLE_FOLDER_PATH)/MovieVerse";
			};
			name = Release;
		};
		F12ACFA12E71B6ED006EA2AB /* Debug */ = {
			isa = XCBuildConfiguration;
			buildSettings = {
				CODE_SIGN_STYLE = Automatic;
				CURRENT_PROJECT_VERSION = 1;
				DEVELOPMENT_TEAM = 77WTAX2LD5;
				GENERATE_INFOPLIST_FILE = YES;
				MARKETING_VERSION = 1.0;
				PRODUCT_BUNDLE_IDENTIFIER = com.hari.MovieVerseUITests;
				PRODUCT_NAME = "$(TARGET_NAME)";
				SWIFT_EMIT_LOC_STRINGS = NO;
				SWIFT_VERSION = 5.0;
				TARGETED_DEVICE_FAMILY = "1,2";
				TEST_TARGET_NAME = MovieVerse;
			};
			name = Debug;
		};
		F12ACFA22E71B6ED006EA2AB /* Release */ = {
			isa = XCBuildConfiguration;
			buildSettings = {
				CODE_SIGN_STYLE = Automatic;
				CURRENT_PROJECT_VERSION = 1;
				DEVELOPMENT_TEAM = 77WTAX2LD5;
				GENERATE_INFOPLIST_FILE = YES;
				MARKETING_VERSION = 1.0;
				PRODUCT_BUNDLE_IDENTIFIER = com.hari.MovieVerseUITests;
				PRODUCT_NAME = "$(TARGET_NAME)";
				SWIFT_EMIT_LOC_STRINGS = NO;
				SWIFT_VERSION = 5.0;
				TARGETED_DEVICE_FAMILY = "1,2";
				TEST_TARGET_NAME = MovieVerse;
			};
			name = Release;
		};
/* End XCBuildConfiguration section */

/* Begin XCConfigurationList section */
		F12ACF742E71B6EC006EA2AB /* Build configuration list for PBXProject "MovieVerse" */ = {
			isa = XCConfigurationList;
			buildConfigurations = (
				F12ACF982E71B6ED006EA2AB /* Debug */,
				F12ACF992E71B6ED006EA2AB /* Release */,
			);
			defaultConfigurationIsVisible = 0;
			defaultConfigurationName = Release;
		};
		F12ACF9A2E71B6ED006EA2AB /* Build configuration list for PBXNativeTarget "MovieVerse" */ = {
			isa = XCConfigurationList;
			buildConfigurations = (
				F12ACF9B2E71B6ED006EA2AB /* Debug */,
				F12ACF9C2E71B6ED006EA2AB /* Release */,
			);
			defaultConfigurationIsVisible = 0;
			defaultConfigurationName = Release;
		};
		F12ACF9D2E71B6ED006EA2AB /* Build configuration list for PBXNativeTarget "MovieVerseTests" */ = {
			isa = XCConfigurationList;
			buildConfigurations = (
				F12ACF9E2E71B6ED006EA2AB /* Debug */,
				F12ACF9F2E71B6ED006EA2AB /* Release */,
			);
			defaultConfigurationIsVisible = 0;
			defaultConfigurationName = Release;
		};
		F12ACFA02E71B6ED006EA2AB /* Build configuration list for PBXNativeTarget "MovieVerseUITests" */ = {
			isa = XCConfigurationList;
			buildConfigurations = (
				F12ACFA12E71B6ED006EA2AB /* Debug */,
				F12ACFA22E71B6ED006EA2AB /* Release */,
			);
			defaultConfigurationIsVisible = 0;
			defaultConfigurationName = Release;
		};
/* End XCConfigurationList section */

/* Begin XCRemoteSwiftPackageReference section */
		F14E82F92E74B4F900F43774 /* XCRemoteSwiftPackageReference "Kingfisher" */ = {
			isa = XCRemoteSwiftPackageReference;
			repositoryURL = "https://github.com/onevcat/Kingfisher";
			requirement = {
				kind = upToNextMajorVersion;
				minimumVersion = 8.5.0;
			};
		};
/* End XCRemoteSwiftPackageReference section */

/* Begin XCSwiftPackageProductDependency section */
		F14E82FA2E74B4F900F43774 /* Kingfisher */ = {
			isa = XCSwiftPackageProductDependency;
			package = F14E82F92E74B4F900F43774 /* XCRemoteSwiftPackageReference "Kingfisher" */;
			productName = Kingfisher;
		};
/* End XCSwiftPackageProductDependency section */
	};
	rootObject = F12ACF712E71B6EC006EA2AB /* Project object */;
}
